
Microsoft Visual Studio Solution File, Format Version 12.00
# Visual Studio Version 17
VisualStudioVersion = 17.11.35219.272
MinimumVisualStudioVersion = 10.0.40219.1
Project("{FAE04EC0-301F-11D3-BF4B-00C04F79EFBC}") = "Fall2024-Assignment2-tbclements", "Fall2024-Assignment2-tbclements.csproj", "{29A857C3-45AF-4107-99BE-4CD9830F7174}"
EndProject
Global
	GlobalSection(SolutionConfigurationPlatforms) = preSolution
		Debug|Any CPU = Debug|Any CPU
		Release|Any CPU = Release|Any CPU
	EndGlobalSection
	GlobalSection(ProjectConfigurationPlatforms) = postSolution
		{29A857C3-45AF-4107-99BE-4CD9830F7174}.Debug|Any CPU.ActiveCfg = Debug|Any CPU
		{29A857C3-45AF-4107-99BE-4CD9830F7174}.Debug|Any CPU.Build.0 = Debug|Any CPU
		{29A857C3-45AF-4107-99BE-4CD9830F7174}.Release|Any CPU.ActiveCfg = Release|Any CPU
		{29A857C3-45AF-4107-99BE-4CD9830F7174}.Release|Any CPU.Build.0 = Release|Any CPU
	EndGlobalSection
	GlobalSection(SolutionProperties) = preSolution
		HideSolutionNode = FALSE
	EndGlobalSection
	GlobalSection(ExtensibilityGlobals) = postSolution
		SolutionGuid = {D1BAE9B5-B8B2-4D8A-8CAB-7DF907DEC426}
	EndGlobalSection
EndGlobal
